
Microsoft Visual Studio Solution File, Format Version 12.00
# Visual Studio Version 17
VisualStudioVersion = 17.9.34616.47
MinimumVisualStudioVersion = 10.0.40219.1
Project("{FAE04EC0-301F-11D3-BF4B-00C04F79EFBC}") = "VehicleRentalManagementSystem", "VehicleRentalManagementSystem\VehicleRentalManagementSystem.csproj", "{06FB31B9-4121-4A34-A71E-929F7594FDAA}"
EndProject
Global
	GlobalSection(SolutionConfigurationPlatforms) = preSolution
		Debug|Any CPU = Debug|Any CPU
		Release|Any CPU = Release|Any CPU
	EndGlobalSection
	GlobalSection(ProjectConfigurationPlatforms) = postSolution
		{06FB31B9-4121-4A34-A71E-929F7594FDAA}.Debug|Any CPU.ActiveCfg = Debug|Any CPU
		{06FB31B9-4121-4A34-A71E-929F7594FDAA}.Debug|Any CPU.Build.0 = Debug|Any CPU
		{06FB31B9-4121-4A34-A71E-929F7594FDAA}.Release|Any CPU.ActiveCfg = Release|Any CPU
		{06FB31B9-4121-4A34-A71E-929F7594FDAA}.Release|Any CPU.Build.0 = Release|Any CPU
	EndGlobalSection
	GlobalSection(SolutionProperties) = preSolution
		HideSolutionNode = FALSE
	EndGlobalSection
	GlobalSection(ExtensibilityGlobals) = postSolution
		SolutionGuid = {99D18B7D-1667-4E7F-B4E8-DCD0795E66FA}
	EndGlobalSection
EndGlobal
